// !$*UTF8*$!
{
	archiveVersion = 1;
	classes = {
	};
	objectVersion = 56;
	objects = {

/* Begin PBXBuildFile section */
		CB4A71952B6AB99900C937F9 /* AppDelegate.swift in Sources */ = {isa = PBXBuildFile; fileRef = CB4A71942B6AB99900C937F9 /* AppDelegate.swift */; };
		CB4A71972B6AB99A00C937F9 /* SceneDelegate.swift in Sources */ = {isa = PBXBuildFile; fileRef = CB4A71962B6AB99A00C937F9 /* SceneDelegate.swift */; };
		CB4A71992B6AB99A00C937F9 /* ViewController.swift in Sources */ = {isa = PBXBuildFile; fileRef = CB4A71982B6AB99A00C937F9 /* ViewController.swift */; };
		CB4A719C2B6AB99A00C937F9 /* Main.storyboard in Resources */ = {isa = PBXBuildFile; fileRef = CB4A719A2B6AB99A00C937F9 /* Main.storyboard */; };
		CB4A719E2B6AB99B00C937F9 /* Assets.xcassets in Resources */ = {isa = PBXBuildFile; fileRef = CB4A719D2B6AB99B00C937F9 /* Assets.xcassets */; };
		CB4A71A12B6AB99B00C937F9 /* LaunchScreen.storyboard in Resources */ = {isa = PBXBuildFile; fileRef = CB4A719F2B6AB99B00C937F9 /* LaunchScreen.storyboard */; };
		CB4A71AC2B6AB99B00C937F9 /* ClockTests.swift in Sources */ = {isa = PBXBuildFile; fileRef = CB4A71AB2B6AB99B00C937F9 /* ClockTests.swift */; };
		CB4A71B62B6AB99B00C937F9 /* ClockUITests.swift in Sources */ = {isa = PBXBuildFile; fileRef = CB4A71B52B6AB99B00C937F9 /* ClockUITests.swift */; };
		CB4A71B82B6AB99B00C937F9 /* ClockUITestsLaunchTests.swift in Sources */ = {isa = PBXBuildFile; fileRef = CB4A71B72B6AB99B00C937F9 /* ClockUITestsLaunchTests.swift */; };
/* End PBXBuildFile section */

/* Begin PBXContainerItemProxy section */
		CB4A71A82B6AB99B00C937F9 /* PBXContainerItemProxy */ = {
			isa = PBXContainerItemProxy;
			containerPortal = CB4A71892B6AB99900C937F9 /* Project object */;
			proxyType = 1;
			remoteGlobalIDString = CB4A71902B6AB99900C937F9;
			remoteInfo = Clock;
		};
		CB4A71B22B6AB99B00C937F9 /* PBXContainerItemProxy */ = {
			isa = PBXContainerItemProxy;
			containerPortal = CB4A71892B6AB99900C937F9 /* Project object */;
			proxyType = 1;
			remoteGlobalIDString = CB4A71902B6AB99900C937F9;
			remoteInfo = Clock;
		};
/* End PBXContainerItemProxy section */

/* Begin PBXFileReference section */
		CB4A71912B6AB99900C937F9 /* Clock.app */ = {isa = PBXFileReference; explicitFileType = wrapper.application; includeInIndex = 0; path = Clock.app; sourceTree = BUILT_PRODUCTS_DIR; };
		CB4A71942B6AB99900C937F9 /* AppDelegate.swift */ = {isa = PBXFileReference; lastKnownFileType = sourcecode.swift; path = AppDelegate.swift; sourceTree = "<group>"; };
		CB4A71962B6AB99A00C937F9 /* SceneDelegate.swift */ = {isa = PBXFileReference; lastKnownFileType = sourcecode.swift; path = SceneDelegate.swift; sourceTree = "<group>"; };
		CB4A71982B6AB99A00C937F9 /* ViewController.swift */ = {isa = PBXFileReference; lastKnownFileType = sourcecode.swift; path = ViewController.swift; sourceTree = "<group>"; };
		CB4A719B2B6AB99A00C937F9 /* Base */ = {isa = PBXFileReference; lastKnownFileType = file.storyboard; name = Base; path = Base.lproj/Main.storyboard; sourceTree = "<group>"; };
		CB4A719D2B6AB99B00C937F9 /* Assets.xcassets */ = {isa = PBXFileReference; lastKnownFileType = folder.assetcatalog; path = Assets.xcassets; sourceTree = "<group>"; };
		CB4A71A02B6AB99B00C937F9 /* Base */ = {isa = PBXFileReference; lastKnownFileType = file.storyboard; name = Base; path = Base.lproj/LaunchScreen.storyboard; sourceTree = "<group>"; };
		CB4A71A22B6AB99B00C937F9 /* Info.plist */ = {isa = PBXFileReference; lastKnownFileType = text.plist.xml; path = Info.plist; sourceTree = "<group>"; };
		CB4A71A72B6AB99B00C937F9 /* ClockTests.xctest */ = {isa = PBXFileReference; explicitFileType = wrapper.cfbundle; includeInIndex = 0; path = ClockTests.xctest; sourceTree = BUILT_PRODUCTS_DIR; };
		CB4A71AB2B6AB99B00C937F9 /* ClockTests.swift */ = {isa = PBXFileReference; lastKnownFileType = sourcecode.swift; path = ClockTests.swift; sourceTree = "<group>"; };
		CB4A71B12B6AB99B00C937F9 /* ClockUITests.xctest */ = {isa = PBXFileReference; explicitFileType = wrapper.cfbundle; includeInIndex = 0; path = ClockUITests.xctest; sourceTree = BUILT_PRODUCTS_DIR; };
		CB4A71B52B6AB99B00C937F9 /* ClockUITests.swift */ = {isa = PBXFileReference; lastKnownFileType = sourcecode.swift; path = ClockUITests.swift; sourceTree = "<group>"; };
		CB4A71B72B6AB99B00C937F9 /* ClockUITestsLaunchTests.swift */ = {isa = PBXFileReference; lastKnownFileType = sourcecode.swift; path = ClockUITestsLaunchTests.swift; sourceTree = "<group>"; };
/* End PBXFileReference section */

/* Begin PBXFrameworksBuildPhase section */
		CB4A718E2B6AB99900C937F9 /* Frameworks */ = {
			isa = PBXFrameworksBuildPhase;
			buildActionMask = 2147483647;
			files = (
			);
			runOnlyForDeploymentPostprocessing = 0;
		};
		CB4A71A42B6AB99B00C937F9 /* Frameworks */ = {
			isa = PBXFrameworksBuildPhase;
			buildActionMask = 2147483647;
			files = (
			);
			runOnlyForDeploymentPostprocessing = 0;
		};
		CB4A71AE2B6AB99B00C937F9 /* Frameworks */ = {
			isa = PBXFrameworksBuildPhase;
			buildActionMask = 2147483647;
			files = (
			);
			runOnlyForDeploymentPostprocessing = 0;
		};
/* End PBXFrameworksBuildPhase section */

/* Begin PBXGroup section */
		CB4A71882B6AB99900C937F9 = {
			isa = PBXGroup;
			children = (
				CB4A71932B6AB99900C937F9 /* Clock */,
				CB4A71AA2B6AB99B00C937F9 /* ClockTests */,
				CB4A71B42B6AB99B00C937F9 /* ClockUITests */,
				CB4A71922B6AB99900C937F9 /* Products */,
			);
			sourceTree = "<group>";
		};
		CB4A71922B6AB99900C937F9 /* Products */ = {
			isa = PBXGroup;
			children = (
				CB4A71912B6AB99900C937F9 /* Clock.app */,
				CB4A71A72B6AB99B00C937F9 /* ClockTests.xctest */,
				CB4A71B12B6AB99B00C937F9 /* ClockUITests.xctest */,
			);
			name = Products;
			sourceTree = "<group>";
		};
		CB4A71932B6AB99900C937F9 /* Clock */ = {
			isa = PBXGroup;
			children = (
				CB4A71942B6AB99900C937F9 /* AppDelegate.swift */,
				CB4A71962B6AB99A00C937F9 /* SceneDelegate.swift */,
				CB4A71982B6AB99A00C937F9 /* ViewController.swift */,
				CB4A719A2B6AB99A00C937F9 /* Main.storyboard */,
				CB4A719D2B6AB99B00C937F9 /* Assets.xcassets */,
				CB4A719F2B6AB99B00C937F9 /* LaunchScreen.storyboard */,
				CB4A71A22B6AB99B00C937F9 /* Info.plist */,
			);
			path = Clock;
			sourceTree = "<group>";
		};
		CB4A71AA2B6AB99B00C937F9 /* ClockTests */ = {
			isa = PBXGroup;
			children = (
				CB4A71AB2B6AB99B00C937F9 /* ClockTests.swift */,
			);
			path = ClockTests;
			sourceTree = "<group>";
		};
		CB4A71B42B6AB99B00C937F9 /* ClockUITests */ = {
			isa = PBXGroup;
			children = (
				CB4A71B52B6AB99B00C937F9 /* ClockUITests.swift */,
				CB4A71B72B6AB99B00C937F9 /* ClockUITestsLaunchTests.swift */,
			);
			path = ClockUITests;
			sourceTree = "<group>";
		};
/* End PBXGroup section */

/* Begin PBXNativeTarget section */
		CB4A71902B6AB99900C937F9 /* Clock */ = {
			isa = PBXNativeTarget;
			buildConfigurationList = CB4A71BB2B6AB99B00C937F9 /* Build configuration list for PBXNativeTarget "Clock" */;
			buildPhases = (
				CB4A718D2B6AB99900C937F9 /* Sources */,
				CB4A718E2B6AB99900C937F9 /* Frameworks */,
				CB4A718F2B6AB99900C937F9 /* Resources */,
			);
			buildRules = (
			);
			dependencies = (
			);
			name = Clock;
			productName = Clock;
			productReference = CB4A71912B6AB99900C937F9 /* Clock.app */;
			productType = "com.apple.product-type.application";
		};
		CB4A71A62B6AB99B00C937F9 /* ClockTests */ = {
			isa = PBXNativeTarget;
			buildConfigurationList = CB4A71BE2B6AB99B00C937F9 /* Build configuration list for PBXNativeTarget "ClockTests" */;
			buildPhases = (
				CB4A71A32B6AB99B00C937F9 /* Sources */,
				CB4A71A42B6AB99B00C937F9 /* Frameworks */,
				CB4A71A52B6AB99B00C937F9 /* Resources */,
			);
			buildRules = (
			);
			dependencies = (
				CB4A71A92B6AB99B00C937F9 /* PBXTargetDependency */,
			);
			name = ClockTests;
			productName = ClockTests;
			productReference = CB4A71A72B6AB99B00C937F9 /* ClockTests.xctest */;
			productType = "com.apple.product-type.bundle.unit-test";
		};
		CB4A71B02B6AB99B00C937F9 /* ClockUITests */ = {
			isa = PBXNativeTarget;
			buildConfigurationList = CB4A71C12B6AB99B00C937F9 /* Build configuration list for PBXNativeTarget "ClockUITests" */;
			buildPhases = (
				CB4A71AD2B6AB99B00C937F9 /* Sources */,
				CB4A71AE2B6AB99B00C937F9 /* Frameworks */,
				CB4A71AF2B6AB99B00C937F9 /* Resources */,
			);
			buildRules = (
			);
			dependencies = (
				CB4A71B32B6AB99B00C937F9 /* PBXTargetDependency */,
			);
			name = ClockUITests;
			productName = ClockUITests;
			productReference = CB4A71B12B6AB99B00C937F9 /* ClockUITests.xctest */;
			productType = "com.apple.product-type.bundle.ui-testing";
		};
/* End PBXNativeTarget section */

/* Begin PBXProject section */
		CB4A71892B6AB99900C937F9 /* Project object */ = {
			isa = PBXProject;
			attributes = {
				BuildIndependentTargetsInParallel = 1;
				LastSwiftUpdateCheck = 1510;
				LastUpgradeCheck = 1510;
				TargetAttributes = {
					CB4A71902B6AB99900C937F9 = {
						CreatedOnToolsVersion = 15.1;
					};
					CB4A71A62B6AB99B00C937F9 = {
						CreatedOnToolsVersion = 15.1;
						TestTargetID = CB4A71902B6AB99900C937F9;
					};
					CB4A71B02B6AB99B00C937F9 = {
						CreatedOnToolsVersion = 15.1;
						TestTargetID = CB4A71902B6AB99900C937F9;
					};
				};
			};
			buildConfigurationList = CB4A718C2B6AB99900C937F9 /* Build configuration list for PBXProject "Clock" */;
			compatibilityVersion = "Xcode 14.0";
			developmentRegion = en;
			hasScannedForEncodings = 0;
			knownRegions = (
				en,
				Base,
			);
			mainGroup = CB4A71882B6AB99900C937F9;
			productRefGroup = CB4A71922B6AB99900C937F9 /* Products */;
			projectDirPath = "";
			projectRoot = "";
			targets = (
				CB4A71902B6AB99900C937F9 /* Clock */,
				CB4A71A62B6AB99B00C937F9 /* ClockTests */,
				CB4A71B02B6AB99B00C937F9 /* ClockUITests */,
			);
		};
/* End PBXProject section */

/* Begin PBXResourcesBuildPhase section */
		CB4A718F2B6AB99900C937F9 /* Resources */ = {
			isa = PBXResourcesBuildPhase;
			buildActionMask = 2147483647;
			files = (
				CB4A71A12B6AB99B00C937F9 /* LaunchScreen.storyboard in Resources */,
				CB4A719E2B6AB99B00C937F9 /* Assets.xcassets in Resources */,
				CB4A719C2B6AB99A00C937F9 /* Main.storyboard in Resources */,
			);
			runOnlyForDeploymentPostprocessing = 0;
		};
		CB4A71A52B6AB99B00C937F9 /* Resources */ = {
			isa = PBXResourcesBuildPhase;
			buildActionMask = 2147483647;
			files = (
			);
			runOnlyForDeploymentPostprocessing = 0;
		};
		CB4A71AF2B6AB99B00C937F9 /* Resources */ = {
			isa = PBXResourcesBuildPhase;
			buildActionMask = 2147483647;
			files = (
			);
			runOnlyForDeploymentPostprocessing = 0;
		};
/* End PBXResourcesBuildPhase section */

/* Begin PBXSourcesBuildPhase section */
		CB4A718D2B6AB99900C937F9 /* Sources */ = {
			isa = PBXSourcesBuildPhase;
			buildActionMask = 2147483647;
			files = (
				CB4A71992B6AB99A00C937F9 /* ViewController.swift in Sources */,
				CB4A71952B6AB99900C937F9 /* AppDelegate.swift in Sources */,
				CB4A71972B6AB99A00C937F9 /* SceneDelegate.swift in Sources */,
			);
			runOnlyForDeploymentPostprocessing = 0;
		};
		CB4A71A32B6AB99B00C937F9 /* Sources */ = {
			isa = PBXSourcesBuildPhase;
			buildActionMask = 2147483647;
			files = (
				CB4A71AC2B6AB99B00C937F9 /* ClockTests.swift in Sources */,
			);
			runOnlyForDeploymentPostprocessing = 0;
		};
		CB4A71AD2B6AB99B00C937F9 /* Sources */ = {
			isa = PBXSourcesBuildPhase;
			buildActionMask = 2147483647;
			files = (
				CB4A71B62B6AB99B00C937F9 /* ClockUITests.swift in Sources */,
				CB4A71B82B6AB99B00C937F9 /* ClockUITestsLaunchTests.swift in Sources */,
			);
			runOnlyForDeploymentPostprocessing = 0;
		};
/* End PBXSourcesBuildPhase section */

/* Begin PBXTargetDependency section */
		CB4A71A92B6AB99B00C937F9 /* PBXTargetDependency */ = {
			isa = PBXTargetDependency;
			target = CB4A71902B6AB99900C937F9 /* Clock */;
			targetProxy = CB4A71A82B6AB99B00C937F9 /* PBXContainerItemProxy */;
		};
		CB4A71B32B6AB99B00C937F9 /* PBXTargetDependency */ = {
			isa = PBXTargetDependency;
			target = CB4A71902B6AB99900C937F9 /* Clock */;
			targetProxy = CB4A71B22B6AB99B00C937F9 /* PBXContainerItemProxy */;
		};
/* End PBXTargetDependency section */

/* Begin PBXVariantGroup section */
		CB4A719A2B6AB99A00C937F9 /* Main.storyboard */ = {
			isa = PBXVariantGroup;
			children = (
				CB4A719B2B6AB99A00C937F9 /* Base */,
			);
			name = Main.storyboard;
			sourceTree = "<group>";
		};
		CB4A719F2B6AB99B00C937F9 /* LaunchScreen.storyboard */ = {
			isa = PBXVariantGroup;
			children = (
				CB4A71A02B6AB99B00C937F9 /* Base */,
			);
			name = LaunchScreen.storyboard;
			sourceTree = "<group>";
		};
/* End PBXVariantGroup section */

/* Begin XCBuildConfiguration section */
		CB4A71B92B6AB99B00C937F9 /* Debug */ = {
			isa = XCBuildConfiguration;
			buildSettings = {
				ALWAYS_SEARCH_USER_PATHS = NO;
				ASSETCATALOG_COMPILER_GENERATE_SWIFT_ASSET_SYMBOL_EXTENSIONS = YES;
				CLANG_ANALYZER_NONNULL = YES;
				CLANG_ANALYZER_NUMBER_OBJECT_CONVERSION = YES_AGGRESSIVE;
				CLANG_CXX_LANGUAGE_STANDARD = "gnu++20";
				CLANG_ENABLE_MODULES = YES;
				CLANG_ENABLE_OBJC_ARC = YES;
				CLANG_ENABLE_OBJC_WEAK = YES;
				CLANG_WARN_BLOCK_CAPTURE_AUTORELEASING = YES;
				CLANG_WARN_BOOL_CONVERSION = YES;
				CLANG_WARN_COMMA = YES;
				CLANG_WARN_CONSTANT_CONVERSION = YES;
				CLANG_WARN_DEPRECATED_OBJC_IMPLEMENTATIONS = YES;
				CLANG_WARN_DIRECT_OBJC_ISA_USAGE = YES_ERROR;
				CLANG_WARN_DOCUMENTATION_COMMENTS = YES;
				CLANG_WARN_EMPTY_BODY = YES;
				CLANG_WARN_ENUM_CONVERSION = YES;
				CLANG_WARN_INFINITE_RECURSION = YES;
				CLANG_WARN_INT_CONVERSION = YES;
				CLANG_WARN_NON_LITERAL_NULL_CONVERSION = YES;
				CLANG_WARN_OBJC_IMPLICIT_RETAIN_SELF = YES;
				CLANG_WARN_OBJC_LITERAL_CONVERSION = YES;
				CLANG_WARN_OBJC_ROOT_CLASS = YES_ERROR;
				CLANG_WARN_QUOTED_INCLUDE_IN_FRAMEWORK_HEADER = YES;
				CLANG_WARN_RANGE_LOOP_ANALYSIS = YES;
				CLANG_WARN_STRICT_PROTOTYPES = YES;
				CLANG_WARN_SUSPICIOUS_MOVE = YES;
				CLANG_WARN_UNGUARDED_AVAILABILITY = YES_AGGRESSIVE;
				CLANG_WARN_UNREACHABLE_CODE = YES;
				CLANG_WARN__DUPLICATE_METHOD_MATCH = YES;
				COPY_PHASE_STRIP = NO;
				DEBUG_INFORMATION_FORMAT = dwarf;
				ENABLE_STRICT_OBJC_MSGSEND = YES;
				ENABLE_TESTABILITY = YES;
				ENABLE_USER_SCRIPT_SANDBOXING = YES;
				GCC_C_LANGUAGE_STANDARD = gnu17;
				GCC_DYNAMIC_NO_PIC = NO;
				GCC_NO_COMMON_BLOCKS = YES;
				GCC_OPTIMIZATION_LEVEL = 0;
				GCC_PREPROCESSOR_DEFINITIONS = (
					"DEBUG=1",
					"$(inherited)",
				);
				GCC_WARN_64_TO_32_BIT_CONVERSION = YES;
				GCC_WARN_ABOUT_RETURN_TYPE = YES_ERROR;
				GCC_WARN_UNDECLARED_SELECTOR = YES;
				GCC_WARN_UNINITIALIZED_AUTOS = YES_AGGRESSIVE;
				GCC_WARN_UNUSED_FUNCTION = YES;
				GCC_WARN_UNUSED_VARIABLE = YES;
				IPHONEOS_DEPLOYMENT_TARGET = 17.2;
				LOCALIZATION_PREFERS_STRING_CATALOGS = YES;
				MTL_ENABLE_DEBUG_INFO = INCLUDE_SOURCE;
				MTL_FAST_MATH = YES;
				ONLY_ACTIVE_ARCH = YES;
				SDKROOT = iphoneos;
				SWIFT_ACTIVE_COMPILATION_CONDITIONS = "DEBUG $(inherited)";
				SWIFT_OPTIMIZATION_LEVEL = "-Onone";
			};
			name = Debug;
		};
		CB4A71BA2B6AB99B00C937F9 /* Release */ = {
			isa = XCBuildConfiguration;
			buildSettings = {
				ALWAYS_SEARCH_USER_PATHS = NO;
				ASSETCATALOG_COMPILER_GENERATE_SWIFT_ASSET_SYMBOL_EXTENSIONS = YES;
				CLANG_ANALYZER_NONNULL = YES;
				CLANG_ANALYZER_NUMBER_OBJECT_CONVERSION = YES_AGGRESSIVE;
				CLANG_CXX_LANGUAGE_STANDARD = "gnu++20";
				CLANG_ENABLE_MODULES = YES;
				CLANG_ENABLE_OBJC_ARC = YES;
				CLANG_ENABLE_OBJC_WEAK = YES;
				CLANG_WARN_BLOCK_CAPTURE_AUTORELEASING = YES;
				CLANG_WARN_BOOL_CONVERSION = YES;
				CLANG_WARN_COMMA = YES;
				CLANG_WARN_CONSTANT_CONVERSION = YES;
				CLANG_WARN_DEPRECATED_OBJC_IMPLEMENTATIONS = YES;
				CLANG_WARN_DIRECT_OBJC_ISA_USAGE = YES_ERROR;
				CLANG_WARN_DOCUMENTATION_COMMENTS = YES;
				CLANG_WARN_EMPTY_BODY = YES;
				CLANG_WARN_ENUM_CONVERSION = YES;
				CLANG_WARN_INFINITE_RECURSION = YES;
				CLANG_WARN_INT_CONVERSION = YES;
				CLANG_WARN_NON_LITERAL_NULL_CONVERSION = YES;
				CLANG_WARN_OBJC_IMPLICIT_RETAIN_SELF = YES;
				CLANG_WARN_OBJC_LITERAL_CONVERSION = YES;
				CLANG_WARN_OBJC_ROOT_CLASS = YES_ERROR;
				CLANG_WARN_QUOTED_INCLUDE_IN_FRAMEWORK_HEADER = YES;
				CLANG_WARN_RANGE_LOOP_ANALYSIS = YES;
				CLANG_WARN_STRICT_PROTOTYPES = YES;
				CLANG_WARN_SUSPICIOUS_MOVE = YES;
				CLANG_WARN_UNGUARDED_AVAILABILITY = YES_AGGRESSIVE;
				CLANG_WARN_UNREACHABLE_CODE = YES;
				CLANG_WARN__DUPLICATE_METHOD_MATCH = YES;
				COPY_PHASE_STRIP = NO;
				DEBUG_INFORMATION_FORMAT = "dwarf-with-dsym";
				ENABLE_NS_ASSERTIONS = NO;
				ENABLE_STRICT_OBJC_MSGSEND = YES;
				ENABLE_USER_SCRIPT_SANDBOXING = YES;
				GCC_C_LANGUAGE_STANDARD = gnu17;
				GCC_NO_COMMON_BLOCKS = YES;
				GCC_WARN_64_TO_32_BIT_CONVERSION = YES;
				GCC_WARN_ABOUT_RETURN_TYPE = YES_ERROR;
				GCC_WARN_UNDECLARED_SELECTOR = YES;
				GCC_WARN_UNINITIALIZED_AUTOS = YES_AGGRESSIVE;
				GCC_WARN_UNUSED_FUNCTION = YES;
				GCC_WARN_UNUSED_VARIABLE = YES;
				IPHONEOS_DEPLOYMENT_TARGET = 17.2;
				LOCALIZATION_PREFERS_STRING_CATALOGS = YES;
				MTL_ENABLE_DEBUG_INFO = NO;
				MTL_FAST_MATH = YES;
				SDKROOT = iphoneos;
				SWIFT_COMPILATION_MODE = wholemodule;
				VALIDATE_PRODUCT = YES;
			};
			name = Release;
		};
		CB4A71BC2B6AB99B00C937F9 /* Debug */ = {
			isa = XCBuildConfiguration;
			buildSettings = {
				ASSETCATALOG_COMPILER_APPICON_NAME = AppIcon;
				ASSETCATALOG_COMPILER_GLOBAL_ACCENT_COLOR_NAME = AccentColor;
				CODE_SIGN_STYLE = Automatic;
				CURRENT_PROJECT_VERSION = 1;
				GENERATE_INFOPLIST_FILE = YES;
				INFOPLIST_FILE = Clock/Info.plist;
				INFOPLIST_KEY_UIApplicationSupportsIndirectInputEvents = YES;
				INFOPLIST_KEY_UILaunchStoryboardName = LaunchScreen;
				INFOPLIST_KEY_UIMainStoryboardFile = Main;
				INFOPLIST_KEY_UISupportedInterfaceOrientations_iPad = "UIInterfaceOrientationPortrait UIInterfaceOrientationPortraitUpsideDown UIInterfaceOrientationLandscapeLeft UIInterfaceOrientationLandscapeRight";
				INFOPLIST_KEY_UISupportedInterfaceOrientations_iPhone = "UIInterfaceOrientationPortrait UIInterfaceOrientationLandscapeLeft UIInterfaceOrientationLandscapeRight";
				LD_RUNPATH_SEARCH_PATHS = (
					"$(inherited)",
					"@executable_path/Frameworks",
				);
				MARKETING_VERSION = 1.0;
				PRODUCT_BUNDLE_IDENTIFIER = edu.auburn.onlinecsse.Clock;
				PRODUCT_NAME = "$(TARGET_NAME)";
				SWIFT_EMIT_LOC_STRINGS = YES;
				SWIFT_VERSION = 5.0;
				TARGETED_DEVICE_FAMILY = "1,2";
			};
			name = Debug;
		};
		CB4A71BD2B6AB99B00C937F9 /* Release */ = {
			isa = XCBuildConfiguration;
			buildSettings = {
				ASSETCATALOG_COMPILER_APPICON_NAME = AppIcon;
				ASSETCATALOG_COMPILER_GLOBAL_ACCENT_COLOR_NAME = AccentColor;
				CODE_SIGN_STYLE = Automatic;
				CURRENT_PROJECT_VERSION = 1;
				GENERATE_INFOPLIST_FILE = YES;
				INFOPLIST_FILE = Clock/Info.plist;
				INFOPLIST_KEY_UIApplicationSupportsIndirectInputEvents = YES;
				INFOPLIST_KEY_UILaunchStoryboardName = LaunchScreen;
				INFOPLIST_KEY_UIMainStoryboardFile = Main;
				INFOPLIST_KEY_UISupportedInterfaceOrientations_iPad = "UIInterfaceOrientationPortrait UIInterfaceOrientationPortraitUpsideDown UIInterfaceOrientationLandscapeLeft UIInterfaceOrientationLandscapeRight";
				INFOPLIST_KEY_UISupportedInterfaceOrientations_iPhone = "UIInterfaceOrientationPortrait UIInterfaceOrientationLandscapeLeft UIInterfaceOrientationLandscapeRight";
				LD_RUNPATH_SEARCH_PATHS = (
					"$(inherited)",
					"@executable_path/Frameworks",
				);
				MARKETING_VERSION = 1.0;
				PRODUCT_BUNDLE_IDENTIFIER = edu.auburn.onlinecsse.Clock;
				PRODUCT_NAME = "$(TARGET_NAME)";
				SWIFT_EMIT_LOC_STRINGS = YES;
				SWIFT_VERSION = 5.0;
				TARGETED_DEVICE_FAMILY = "1,2";
			};
			name = Release;
		};
		CB4A71BF2B6AB99B00C937F9 /* Debug */ = {
			isa = XCBuildConfiguration;
			buildSettings = {
				ALWAYS_EMBED_SWIFT_STANDARD_LIBRARIES = YES;
				BUNDLE_LOADER = "$(TEST_HOST)";
				CODE_SIGN_STYLE = Automatic;
				CURRENT_PROJECT_VERSION = 1;
				GENERATE_INFOPLIST_FILE = YES;
				IPHONEOS_DEPLOYMENT_TARGET = 17.2;
				MARKETING_VERSION = 1.0;
				PRODUCT_BUNDLE_IDENTIFIER = edu.auburn.onlinecsse.ClockTests;
				PRODUCT_NAME = "$(TARGET_NAME)";
				SWIFT_EMIT_LOC_STRINGS = NO;
				SWIFT_VERSION = 5.0;
				TARGETED_DEVICE_FAMILY = "1,2";
				TEST_HOST = "$(BUILT_PRODUCTS_DIR)/Clock.app/$(BUNDLE_EXECUTABLE_FOLDER_PATH)/Clock";
			};
			name = Debug;
		};
		CB4A71C02B6AB99B00C937F9 /* Release */ = {
			isa = XCBuildConfiguration;
			buildSettings = {
				ALWAYS_EMBED_SWIFT_STANDARD_LIBRARIES = YES;
				BUNDLE_LOADER = "$(TEST_HOST)";
				CODE_SIGN_STYLE = Automatic;
				CURRENT_PROJECT_VERSION = 1;
				GENERATE_INFOPLIST_FILE = YES;
				IPHONEOS_DEPLOYMENT_TARGET = 17.2;
				MARKETING_VERSION = 1.0;
				PRODUCT_BUNDLE_IDENTIFIER = edu.auburn.onlinecsse.ClockTests;
				PRODUCT_NAME = "$(TARGET_NAME)";
				SWIFT_EMIT_LOC_STRINGS = NO;
				SWIFT_VERSION = 5.0;
				TARGETED_DEVICE_FAMILY = "1,2";
				TEST_HOST = "$(BUILT_PRODUCTS_DIR)/Clock.app/$(BUNDLE_EXECUTABLE_FOLDER_PATH)/Clock";
			};
			name = Release;
		};
		CB4A71C22B6AB99B00C937F9 /* Debug */ = {
			isa = XCBuildConfiguration;
			buildSettings = {
				ALWAYS_EMBED_SWIFT_STANDARD_LIBRARIES = YES;
				CODE_SIGN_STYLE = Automatic;
				CURRENT_PROJECT_VERSION = 1;
				GENERATE_INFOPLIST_FILE = YES;
				MARKETING_VERSION = 1.0;
				PRODUCT_BUNDLE_IDENTIFIER = edu.auburn.onlinecsse.ClockUITests;
				PRODUCT_NAME = "$(TARGET_NAME)";
				SWIFT_EMIT_LOC_STRINGS = NO;
				SWIFT_VERSION = 5.0;
				TARGETED_DEVICE_FAMILY = "1,2";
				TEST_TARGET_NAME = Clock;
			};
			name = Debug;
		};
		CB4A71C32B6AB99B00C937F9 /* Release */ = {
			isa = XCBuildConfiguration;
			buildSettings = {
				ALWAYS_EMBED_SWIFT_STANDARD_LIBRARIES = YES;
				CODE_SIGN_STYLE = Automatic;
				CURRENT_PROJECT_VERSION = 1;
				GENERATE_INFOPLIST_FILE = YES;
				MARKETING_VERSION = 1.0;
				PRODUCT_BUNDLE_IDENTIFIER = edu.auburn.onlinecsse.ClockUITests;
				PRODUCT_NAME = "$(TARGET_NAME)";
				SWIFT_EMIT_LOC_STRINGS = NO;
				SWIFT_VERSION = 5.0;
				TARGETED_DEVICE_FAMILY = "1,2";
				TEST_TARGET_NAME = Clock;
			};
			name = Release;
		};
/* End XCBuildConfiguration section */

/* Begin XCConfigurationList section */
		CB4A718C2B6AB99900C937F9 /* Build configuration list for PBXProject "Clock" */ = {
			isa = XCConfigurationList;
			buildConfigurations = (
				CB4A71B92B6AB99B00C937F9 /* Debug */,
				CB4A71BA2B6AB99B00C937F9 /* Release */,
			);
			defaultConfigurationIsVisible = 0;
			defaultConfigurationName = Release;
		};
		CB4A71BB2B6AB99B00C937F9 /* Build configuration list for PBXNativeTarget "Clock" */ = {
			isa = XCConfigurationList;
			buildConfigurations = (
				CB4A71BC2B6AB99B00C937F9 /* Debug */,
				CB4A71BD2B6AB99B00C937F9 /* Release */,
			);
			defaultConfigurationIsVisible = 0;
			defaultConfigurationName = Release;
		};
		CB4A71BE2B6AB99B00C937F9 /* Build configuration list for PBXNativeTarget "ClockTests" */ = {
			isa = XCConfigurationList;
			buildConfigurations = (
				CB4A71BF2B6AB99B00C937F9 /* Debug */,
				CB4A71C02B6AB99B00C937F9 /* Release */,
			);
			defaultConfigurationIsVisible = 0;
			defaultConfigurationName = Release;
		};
		CB4A71C12B6AB99B00C937F9 /* Build configuration list for PBXNativeTarget "ClockUITests" */ = {
			isa = XCConfigurationList;
			buildConfigurations = (
				CB4A71C22B6AB99B00C937F9 /* Debug */,
				CB4A71C32B6AB99B00C937F9 /* Release */,
			);
			defaultConfigurationIsVisible = 0;
			defaultConfigurationName = Release;
		};
/* End XCConfigurationList section */
	};
	rootObject = CB4A71892B6AB99900C937F9 /* Project object */;
}
